
Microsoft Visual Studio Solution File, Format Version 12.00
# Visual Studio Version 16
VisualStudioVersion = 16.0.30611.23
MinimumVisualStudioVersion = 10.0.40219.1
Project("{FAE04EC0-301F-11D3-BF4B-00C04F79EFBC}") = "AccesoDatos", "AccesoDatos\AccesoDatos.csproj", "{5ABFBBA2-E980-4D72-B75D-47374016D65C}"
EndProject
Project("{FAE04EC0-301F-11D3-BF4B-00C04F79EFBC}") = "LogicaNegocios", "LogicaNegocios\LogicaNegocios.csproj", "{C8C6C6F6-523B-4486-8BFE-C7A54ECDEC76}"
	ProjectSection(ProjectDependencies) = postProject
		{5ABFBBA2-E980-4D72-B75D-47374016D65C} = {5ABFBBA2-E980-4D72-B75D-47374016D65C}
	EndProjectSection
EndProject
Project("{FAE04EC0-301F-11D3-BF4B-00C04F79EFBC}") = "Presentacion", "Presentacion\Presentacion.csproj", "{39FFE542-40AA-46BD-BCA8-81E0D114F601}"
	ProjectSection(ProjectDependencies) = postProject
		{C8C6C6F6-523B-4486-8BFE-C7A54ECDEC76} = {C8C6C6F6-523B-4486-8BFE-C7A54ECDEC76}
	EndProjectSection
EndProject
Global
	GlobalSection(SolutionConfigurationPlatforms) = preSolution
		Debug|Any CPU = Debug|Any CPU
		Release|Any CPU = Release|Any CPU
	EndGlobalSection
	GlobalSection(ProjectConfigurationPlatforms) = postSolution
		{5ABFBBA2-E980-4D72-B75D-47374016D65C}.Debug|Any CPU.ActiveCfg = Debug|Any CPU
		{5ABFBBA2-E980-4D72-B75D-47374016D65C}.Debug|Any CPU.Build.0 = Debug|Any CPU
		{5ABFBBA2-E980-4D72-B75D-47374016D65C}.Release|Any CPU.ActiveCfg = Release|Any CPU
		{5ABFBBA2-E980-4D72-B75D-47374016D65C}.Release|Any CPU.Build.0 = Release|Any CPU
		{C8C6C6F6-523B-4486-8BFE-C7A54ECDEC76}.Debug|Any CPU.ActiveCfg = Debug|Any CPU
		{C8C6C6F6-523B-4486-8BFE-C7A54ECDEC76}.Debug|Any CPU.Build.0 = Debug|Any CPU
		{C8C6C6F6-523B-4486-8BFE-C7A54ECDEC76}.Release|Any CPU.ActiveCfg = Release|Any CPU
		{C8C6C6F6-523B-4486-8BFE-C7A54ECDEC76}.Release|Any CPU.Build.0 = Release|Any CPU
		{39FFE542-40AA-46BD-BCA8-81E0D114F601}.Debug|Any CPU.ActiveCfg = Debug|Any CPU
		{39FFE542-40AA-46BD-BCA8-81E0D114F601}.Debug|Any CPU.Build.0 = Debug|Any CPU
		{39FFE542-40AA-46BD-BCA8-81E0D114F601}.Release|Any CPU.ActiveCfg = Release|Any CPU
		{39FFE542-40AA-46BD-BCA8-81E0D114F601}.Release|Any CPU.Build.0 = Release|Any CPU
	EndGlobalSection
	GlobalSection(SolutionProperties) = preSolution
		HideSolutionNode = FALSE
	EndGlobalSection
	GlobalSection(ExtensibilityGlobals) = postSolution
		SolutionGuid = {1238859F-846D-422B-AFE2-25C15C31C651}
	EndGlobalSection
EndGlobal
